// !$*UTF8*$!
{
	archiveVersion = 1;
	classes = {
	};
	objectVersion = 48;
	objects = {

/* Begin PBXBuildFile section */
		7F0526AF205AB3FF0096FFB6 /* AppDelegate.swift in Sources */ = {isa = PBXBuildFile; fileRef = 7F0526AE205AB3FF0096FFB6 /* AppDelegate.swift */; };
		7F0526B1205AB3FF0096FFB6 /* HomeViewController.swift in Sources */ = {isa = PBXBuildFile; fileRef = 7F0526B0205AB3FF0096FFB6 /* HomeViewController.swift */; };
		7F0526B6205AB3FF0096FFB6 /* Main.storyboard in Resources */ = {isa = PBXBuildFile; fileRef = 7F0526B4205AB3FF0096FFB6 /* Main.storyboard */; };
		7F0526B8205AB3FF0096FFB6 /* Assets.xcassets in Resources */ = {isa = PBXBuildFile; fileRef = 7F0526B7205AB3FF0096FFB6 /* Assets.xcassets */; };
		7F0526BB205AB3FF0096FFB6 /* LaunchScreen.storyboard in Resources */ = {isa = PBXBuildFile; fileRef = 7F0526B9205AB3FF0096FFB6 /* LaunchScreen.storyboard */; };
		7F0526C3205AC53C0096FFB6 /* HomeTableViewCell.swift in Sources */ = {isa = PBXBuildFile; fileRef = 7F0526C2205AC53C0096FFB6 /* HomeTableViewCell.swift */; };
		7F1D625F20690F0500754A7A /* StatsViewController.swift in Sources */ = {isa = PBXBuildFile; fileRef = 7F1D625E20690F0500754A7A /* StatsViewController.swift */; };
		7F798015205E84B1000F2202 /* FavTableViewController.swift in Sources */ = {isa = PBXBuildFile; fileRef = 7F798014205E84B1000F2202 /* FavTableViewController.swift */; };
		7F798017205E8788000F2202 /* FavTableViewCell.swift in Sources */ = {isa = PBXBuildFile; fileRef = 7F798016205E8788000F2202 /* FavTableViewCell.swift */; };
		7F798019205F0FFD000F2202 /* WeatherModel.swift in Sources */ = {isa = PBXBuildFile; fileRef = 7F798018205F0FFD000F2202 /* WeatherModel.swift */; };
		7F79801B205FF277000F2202 /* SearchViewController.swift in Sources */ = {isa = PBXBuildFile; fileRef = 7F79801A205FF277000F2202 /* SearchViewController.swift */; };
		7F79801D20600BBD000F2202 /* SearchTableViewCell.swift in Sources */ = {isa = PBXBuildFile; fileRef = 7F79801C20600BBD000F2202 /* SearchTableViewCell.swift */; };
		7F79801F20616005000F2202 /* DetailViewController.swift in Sources */ = {isa = PBXBuildFile; fileRef = 7F79801E20616005000F2202 /* DetailViewController.swift */; };
		CD30460B649347B074CB808E /* Pods_WeatherApp.framework in Frameworks */ = {isa = PBXBuildFile; fileRef = EF0445743D12EE96C6403289 /* Pods_WeatherApp.framework */; };
/* End PBXBuildFile section */

/* Begin PBXFileReference section */
		3A15F6C47A478DB393725A29 /* Pods-WeatherApp.debug.xcconfig */ = {isa = PBXFileReference; includeInIndex = 1; lastKnownFileType = text.xcconfig; name = "Pods-WeatherApp.debug.xcconfig"; path = "Pods/Target Support Files/Pods-WeatherApp/Pods-WeatherApp.debug.xcconfig"; sourceTree = "<group>"; };
		7F0526AB205AB3FF0096FFB6 /* WeatherApp.app */ = {isa = PBXFileReference; explicitFileType = wrapper.application; includeInIndex = 0; path = WeatherApp.app; sourceTree = BUILT_PRODUCTS_DIR; };
		7F0526AE205AB3FF0096FFB6 /* AppDelegate.swift */ = {isa = PBXFileReference; lastKnownFileType = sourcecode.swift; path = AppDelegate.swift; sourceTree = "<group>"; };
		7F0526B0205AB3FF0096FFB6 /* HomeViewController.swift */ = {isa = PBXFileReference; lastKnownFileType = sourcecode.swift; path = HomeViewController.swift; sourceTree = "<group>"; };
		7F0526B5205AB3FF0096FFB6 /* Base */ = {isa = PBXFileReference; lastKnownFileType = file.storyboard; name = Base; path = Base.lproj/Main.storyboard; sourceTree = "<group>"; };
		7F0526B7205AB3FF0096FFB6 /* Assets.xcassets */ = {isa = PBXFileReference; lastKnownFileType = folder.assetcatalog; path = Assets.xcassets; sourceTree = "<group>"; };
		7F0526BA205AB3FF0096FFB6 /* Base */ = {isa = PBXFileReference; lastKnownFileType = file.storyboard; name = Base; path = Base.lproj/LaunchScreen.storyboard; sourceTree = "<group>"; };
		7F0526BC205AB3FF0096FFB6 /* Info.plist */ = {isa = PBXFileReference; lastKnownFileType = text.plist.xml; path = Info.plist; sourceTree = "<group>"; };
		7F0526C2205AC53C0096FFB6 /* HomeTableViewCell.swift */ = {isa = PBXFileReference; lastKnownFileType = sourcecode.swift; path = HomeTableViewCell.swift; sourceTree = "<group>"; };
		7F1D625E20690F0500754A7A /* StatsViewController.swift */ = {isa = PBXFileReference; lastKnownFileType = sourcecode.swift; path = StatsViewController.swift; sourceTree = "<group>"; };
		7F798014205E84B1000F2202 /* FavTableViewController.swift */ = {isa = PBXFileReference; lastKnownFileType = sourcecode.swift; path = FavTableViewController.swift; sourceTree = "<group>"; };
		7F798016205E8788000F2202 /* FavTableViewCell.swift */ = {isa = PBXFileReference; lastKnownFileType = sourcecode.swift; path = FavTableViewCell.swift; sourceTree = "<group>"; };
		7F798018205F0FFD000F2202 /* WeatherModel.swift */ = {isa = PBXFileReference; lastKnownFileType = sourcecode.swift; path = WeatherModel.swift; sourceTree = "<group>"; };
		7F79801A205FF277000F2202 /* SearchViewController.swift */ = {isa = PBXFileReference; lastKnownFileType = sourcecode.swift; path = SearchViewController.swift; sourceTree = "<group>"; };
		7F79801C20600BBD000F2202 /* SearchTableViewCell.swift */ = {isa = PBXFileReference; lastKnownFileType = sourcecode.swift; path = SearchTableViewCell.swift; sourceTree = "<group>"; };
		7F79801E20616005000F2202 /* DetailViewController.swift */ = {isa = PBXFileReference; lastKnownFileType = sourcecode.swift; path = DetailViewController.swift; sourceTree = "<group>"; };
		AF6B98307A2C5B0B954915BF /* Pods-WeatherApp.release.xcconfig */ = {isa = PBXFileReference; includeInIndex = 1; lastKnownFileType = text.xcconfig; name = "Pods-WeatherApp.release.xcconfig"; path = "Pods/Target Support Files/Pods-WeatherApp/Pods-WeatherApp.release.xcconfig"; sourceTree = "<group>"; };
		EF0445743D12EE96C6403289 /* Pods_WeatherApp.framework */ = {isa = PBXFileReference; explicitFileType = wrapper.framework; includeInIndex = 0; path = Pods_WeatherApp.framework; sourceTree = BUILT_PRODUCTS_DIR; };
/* End PBXFileReference section */

/* Begin PBXFrameworksBuildPhase section */
		7F0526A8205AB3FF0096FFB6 /* Frameworks */ = {
			isa = PBXFrameworksBuildPhase;
			buildActionMask = 2147483647;
			files = (
				CD30460B649347B074CB808E /* Pods_WeatherApp.framework in Frameworks */,
			);
			runOnlyForDeploymentPostprocessing = 0;
		};
/* End PBXFrameworksBuildPhase section */

/* Begin PBXGroup section */
		404F79541F91A49C8CB487FF /* Pods */ = {
			isa = PBXGroup;
			children = (
				3A15F6C47A478DB393725A29 /* Pods-WeatherApp.debug.xcconfig */,
				AF6B98307A2C5B0B954915BF /* Pods-WeatherApp.release.xcconfig */,
			);
			name = Pods;
			sourceTree = "<group>";
		};
		7F0526A2205AB3FF0096FFB6 = {
			isa = PBXGroup;
			children = (
				7F0526AD205AB3FF0096FFB6 /* WeatherApp */,
				7F0526AC205AB3FF0096FFB6 /* Products */,
				404F79541F91A49C8CB487FF /* Pods */,
				96C135B1B71CC1F45ACE1846 /* Frameworks */,
			);
			sourceTree = "<group>";
		};
		7F0526AC205AB3FF0096FFB6 /* Products */ = {
			isa = PBXGroup;
			children = (
				7F0526AB205AB3FF0096FFB6 /* WeatherApp.app */,
			);
			name = Products;
			sourceTree = "<group>";
		};
		7F0526AD205AB3FF0096FFB6 /* WeatherApp */ = {
			isa = PBXGroup;
			children = (
				7F0526AE205AB3FF0096FFB6 /* AppDelegate.swift */,
				7F0526B0205AB3FF0096FFB6 /* HomeViewController.swift */,
				7F0526B4205AB3FF0096FFB6 /* Main.storyboard */,
				7F0526B7205AB3FF0096FFB6 /* Assets.xcassets */,
				7F0526B9205AB3FF0096FFB6 /* LaunchScreen.storyboard */,
				7F0526BC205AB3FF0096FFB6 /* Info.plist */,
				7F0526C2205AC53C0096FFB6 /* HomeTableViewCell.swift */,
				7F798014205E84B1000F2202 /* FavTableViewController.swift */,
				7F798016205E8788000F2202 /* FavTableViewCell.swift */,
				7F798018205F0FFD000F2202 /* WeatherModel.swift */,
				7F79801A205FF277000F2202 /* SearchViewController.swift */,
				7F79801C20600BBD000F2202 /* SearchTableViewCell.swift */,
				7F79801E20616005000F2202 /* DetailViewController.swift */,
				7F1D625E20690F0500754A7A /* StatsViewController.swift */,
			);
			path = WeatherApp;
			sourceTree = "<group>";
		};
		96C135B1B71CC1F45ACE1846 /* Frameworks */ = {
			isa = PBXGroup;
			children = (
				EF0445743D12EE96C6403289 /* Pods_WeatherApp.framework */,
			);
			name = Frameworks;
			sourceTree = "<group>";
		};
/* End PBXGroup section */

/* Begin PBXNativeTarget section */
		7F0526AA205AB3FF0096FFB6 /* WeatherApp */ = {
			isa = PBXNativeTarget;
			buildConfigurationList = 7F0526BF205AB3FF0096FFB6 /* Build configuration list for PBXNativeTarget "WeatherApp" */;
			buildPhases = (
				4AD79677514685CFD5772650 /* [CP] Check Pods Manifest.lock */,
				7F0526A7205AB3FF0096FFB6 /* Sources */,
				7F0526A8205AB3FF0096FFB6 /* Frameworks */,
				7F0526A9205AB3FF0096FFB6 /* Resources */,
				D93CBD9B5107C0B804FE9C2E /* [CP] Embed Pods Frameworks */,
				177E9FE635E24563D2CF370D /* [CP] Copy Pods Resources */,
			);
			buildRules = (
			);
			dependencies = (
			);
			name = WeatherApp;
			productName = WeatherApp;
			productReference = 7F0526AB205AB3FF0096FFB6 /* WeatherApp.app */;
			productType = "com.apple.product-type.application";
		};
/* End PBXNativeTarget section */

/* Begin PBXProject section */
		7F0526A3205AB3FF0096FFB6 /* Project object */ = {
			isa = PBXProject;
			attributes = {
				LastSwiftUpdateCheck = 0920;
				LastUpgradeCheck = 0920;
				ORGANIZATIONNAME = MoaLenngren;
				TargetAttributes = {
					7F0526AA205AB3FF0096FFB6 = {
						CreatedOnToolsVersion = 9.2;
						ProvisioningStyle = Automatic;
					};
				};
			};
			buildConfigurationList = 7F0526A6205AB3FF0096FFB6 /* Build configuration list for PBXProject "WeatherApp" */;
			compatibilityVersion = "Xcode 8.0";
			developmentRegion = en;
			hasScannedForEncodings = 0;
			knownRegions = (
				en,
				Base,
			);
			mainGroup = 7F0526A2205AB3FF0096FFB6;
			productRefGroup = 7F0526AC205AB3FF0096FFB6 /* Products */;
			projectDirPath = "";
			projectRoot = "";
			targets = (
				7F0526AA205AB3FF0096FFB6 /* WeatherApp */,
			);
		};
/* End PBXProject section */

/* Begin PBXResourcesBuildPhase section */
		7F0526A9205AB3FF0096FFB6 /* Resources */ = {
			isa = PBXResourcesBuildPhase;
			buildActionMask = 2147483647;
			files = (
				7F0526BB205AB3FF0096FFB6 /* LaunchScreen.storyboard in Resources */,
				7F0526B8205AB3FF0096FFB6 /* Assets.xcassets in Resources */,
				7F0526B6205AB3FF0096FFB6 /* Main.storyboard in Resources */,
			);
			runOnlyForDeploymentPostprocessing = 0;
		};
/* End PBXResourcesBuildPhase section */

/* Begin PBXShellScriptBuildPhase section */
		177E9FE635E24563D2CF370D /* [CP] Copy Pods Resources */ = {
			isa = PBXShellScriptBuildPhase;
			buildActionMask = 2147483647;
			files = (
			);
			inputPaths = (
			);
			name = "[CP] Copy Pods Resources";
			outputPaths = (
			);
			runOnlyForDeploymentPostprocessing = 0;
			shellPath = /bin/sh;
			shellScript = "\"${SRCROOT}/Pods/Target Support Files/Pods-WeatherApp/Pods-WeatherApp-resources.sh\"\n";
			showEnvVarsInLog = 0;
		};
		4AD79677514685CFD5772650 /* [CP] Check Pods Manifest.lock */ = {
			isa = PBXShellScriptBuildPhase;
			buildActionMask = 2147483647;
			files = (
			);
			inputPaths = (
				"${PODS_PODFILE_DIR_PATH}/Podfile.lock",
				"${PODS_ROOT}/Manifest.lock",
			);
			name = "[CP] Check Pods Manifest.lock";
			outputPaths = (
				"$(DERIVED_FILE_DIR)/Pods-WeatherApp-checkManifestLockResult.txt",
			);
			runOnlyForDeploymentPostprocessing = 0;
			shellPath = /bin/sh;
			shellScript = "diff \"${PODS_PODFILE_DIR_PATH}/Podfile.lock\" \"${PODS_ROOT}/Manifest.lock\" > /dev/null\nif [ $? != 0 ] ; then\n    # print error to STDERR\n    echo \"error: The sandbox is not in sync with the Podfile.lock. Run 'pod install' or update your CocoaPods installation.\" >&2\n    exit 1\nfi\n# This output is used by Xcode 'outputs' to avoid re-running this script phase.\necho \"SUCCESS\" > \"${SCRIPT_OUTPUT_FILE_0}\"\n";
			showEnvVarsInLog = 0;
		};
		D93CBD9B5107C0B804FE9C2E /* [CP] Embed Pods Frameworks */ = {
			isa = PBXShellScriptBuildPhase;
			buildActionMask = 2147483647;
			files = (
			);
			inputPaths = (
				"${SRCROOT}/Pods/Target Support Files/Pods-WeatherApp/Pods-WeatherApp-frameworks.sh",
				"${BUILT_PRODUCTS_DIR}/FrameAccessor/FrameAccessor.framework",
				"${BUILT_PRODUCTS_DIR}/GraphKit/GraphKit.framework",
				"${BUILT_PRODUCTS_DIR}/MKFoundationKit/MKFoundationKit.framework",
			);
			name = "[CP] Embed Pods Frameworks";
			outputPaths = (
				"${TARGET_BUILD_DIR}/${FRAMEWORKS_FOLDER_PATH}/FrameAccessor.framework",
				"${TARGET_BUILD_DIR}/${FRAMEWORKS_FOLDER_PATH}/GraphKit.framework",
				"${TARGET_BUILD_DIR}/${FRAMEWORKS_FOLDER_PATH}/MKFoundationKit.framework",
			);
			runOnlyForDeploymentPostprocessing = 0;
			shellPath = /bin/sh;
			shellScript = "\"${SRCROOT}/Pods/Target Support Files/Pods-WeatherApp/Pods-WeatherApp-frameworks.sh\"\n";
			showEnvVarsInLog = 0;
		};
/* End PBXShellScriptBuildPhase section */

/* Begin PBXSourcesBuildPhase section */
		7F0526A7205AB3FF0096FFB6 /* Sources */ = {
			isa = PBXSourcesBuildPhase;
			buildActionMask = 2147483647;
			files = (
				7F79801D20600BBD000F2202 /* SearchTableViewCell.swift in Sources */,
				7F1D625F20690F0500754A7A /* StatsViewController.swift in Sources */,
				7F798017205E8788000F2202 /* FavTableViewCell.swift in Sources */,
				7F0526AF205AB3FF0096FFB6 /* AppDelegate.swift in Sources */,
				7F79801B205FF277000F2202 /* SearchViewController.swift in Sources */,
				7F798019205F0FFD000F2202 /* WeatherModel.swift in Sources */,
				7F0526C3205AC53C0096FFB6 /* HomeTableViewCell.swift in Sources */,
				7F79801F20616005000F2202 /* DetailViewController.swift in Sources */,
				7F0526B1205AB3FF0096FFB6 /* HomeViewController.swift in Sources */,
				7F798015205E84B1000F2202 /* FavTableViewController.swift in Sources */,
			);
			runOnlyForDeploymentPostprocessing = 0;
		};
/* End PBXSourcesBuildPhase section */

/* Begin PBXVariantGroup section */
		7F0526B4205AB3FF0096FFB6 /* Main.storyboard */ = {
			isa = PBXVariantGroup;
			children = (
				7F0526B5205AB3FF0096FFB6 /* Base */,
			);
			name = Main.storyboard;
			sourceTree = "<group>";
		};
		7F0526B9205AB3FF0096FFB6 /* LaunchScreen.storyboard */ = {
			isa = PBXVariantGroup;
			children = (
				7F0526BA205AB3FF0096FFB6 /* Base */,
			);
			name = LaunchScreen.storyboard;
			sourceTree = "<group>";
		};
/* End PBXVariantGroup section */

/* Begin XCBuildConfiguration section */
		7F0526BD205AB3FF0096FFB6 /* Debug */ = {
			isa = XCBuildConfiguration;
			buildSettings = {
				ALWAYS_SEARCH_USER_PATHS = NO;
				CLANG_ANALYZER_NONNULL = YES;
				CLANG_ANALYZER_NUMBER_OBJECT_CONVERSION = YES_AGGRESSIVE;
				CLANG_CXX_LANGUAGE_STANDARD = "gnu++14";
				CLANG_CXX_LIBRARY = "libc++";
				CLANG_ENABLE_MODULES = YES;
				CLANG_ENABLE_OBJC_ARC = YES;
				CLANG_WARN_BLOCK_CAPTURE_AUTORELEASING = YES;
				CLANG_WARN_BOOL_CONVERSION = YES;
				CLANG_WARN_COMMA = YES;
				CLANG_WARN_CONSTANT_CONVERSION = YES;
				CLANG_WARN_DIRECT_OBJC_ISA_USAGE = YES_ERROR;
				CLANG_WARN_DOCUMENTATION_COMMENTS = YES;
				CLANG_WARN_EMPTY_BODY = YES;
				CLANG_WARN_ENUM_CONVERSION = YES;
				CLANG_WARN_INFINITE_RECURSION = YES;
				CLANG_WARN_INT_CONVERSION = YES;
				CLANG_WARN_NON_LITERAL_NULL_CONVERSION = YES;
				CLANG_WARN_OBJC_LITERAL_CONVERSION = YES;
				CLANG_WARN_OBJC_ROOT_CLASS = YES_ERROR;
				CLANG_WARN_RANGE_LOOP_ANALYSIS = YES;
				CLANG_WARN_STRICT_PROTOTYPES = YES;
				CLANG_WARN_SUSPICIOUS_MOVE = YES;
				CLANG_WARN_UNGUARDED_AVAILABILITY = YES_AGGRESSIVE;
				CLANG_WARN_UNREACHABLE_CODE = YES;
				CLANG_WARN__DUPLICATE_METHOD_MATCH = YES;
				CODE_SIGN_IDENTITY = "iPhone Developer";
				COPY_PHASE_STRIP = NO;
				DEBUG_INFORMATION_FORMAT = dwarf;
				ENABLE_STRICT_OBJC_MSGSEND = YES;
				ENABLE_TESTABILITY = YES;
				GCC_C_LANGUAGE_STANDARD = gnu11;
				GCC_DYNAMIC_NO_PIC = NO;
				GCC_NO_COMMON_BLOCKS = YES;
				GCC_OPTIMIZATION_LEVEL = 0;
				GCC_PREPROCESSOR_DEFINITIONS = (
					"DEBUG=1",
					"$(inherited)",
				);
				GCC_WARN_64_TO_32_BIT_CONVERSION = YES;
				GCC_WARN_ABOUT_RETURN_TYPE = YES_ERROR;
				GCC_WARN_UNDECLARED_SELECTOR = YES;
				GCC_WARN_UNINITIALIZED_AUTOS = YES_AGGRESSIVE;
				GCC_WARN_UNUSED_FUNCTION = YES;
				GCC_WARN_UNUSED_VARIABLE = YES;
				IPHONEOS_DEPLOYMENT_TARGET = 11.2;
				MTL_ENABLE_DEBUG_INFO = YES;
				ONLY_ACTIVE_ARCH = YES;
				SDKROOT = iphoneos;
				SWIFT_ACTIVE_COMPILATION_CONDITIONS = DEBUG;
				SWIFT_OPTIMIZATION_LEVEL = "-Onone";
			};
			name = Debug;
		};
		7F0526BE205AB3FF0096FFB6 /* Release */ = {
			isa = XCBuildConfiguration;
			buildSettings = {
				ALWAYS_SEARCH_USER_PATHS = NO;
				CLANG_ANALYZER_NONNULL = YES;
				CLANG_ANALYZER_NUMBER_OBJECT_CONVERSION = YES_AGGRESSIVE;
				CLANG_CXX_LANGUAGE_STANDARD = "gnu++14";
				CLANG_CXX_LIBRARY = "libc++";
				CLANG_ENABLE_MODULES = YES;
				CLANG_ENABLE_OBJC_ARC = YES;
				CLANG_WARN_BLOCK_CAPTURE_AUTORELEASING = YES;
				CLANG_WARN_BOOL_CONVERSION = YES;
				CLANG_WARN_COMMA = YES;
				CLANG_WARN_CONSTANT_CONVERSION = YES;
				CLANG_WARN_DIRECT_OBJC_ISA_USAGE = YES_ERROR;
				CLANG_WARN_DOCUMENTATION_COMMENTS = YES;
				CLANG_WARN_EMPTY_BODY = YES;
				CLANG_WARN_ENUM_CONVERSION = YES;
				CLANG_WARN_INFINITE_RECURSION = YES;
				CLANG_WARN_INT_CONVERSION = YES;
				CLANG_WARN_NON_LITERAL_NULL_CONVERSION = YES;
				CLANG_WARN_OBJC_LITERAL_CONVERSION = YES;
				CLANG_WARN_OBJC_ROOT_CLASS = YES_ERROR;
				CLANG_WARN_RANGE_LOOP_ANALYSIS = YES;
				CLANG_WARN_STRICT_PROTOTYPES = YES;
				CLANG_WARN_SUSPICIOUS_MOVE = YES;
				CLANG_WARN_UNGUARDED_AVAILABILITY = YES_AGGRESSIVE;
				CLANG_WARN_UNREACHABLE_CODE = YES;
				CLANG_WARN__DUPLICATE_METHOD_MATCH = YES;
				CODE_SIGN_IDENTITY = "iPhone Developer";
				COPY_PHASE_STRIP = NO;
				DEBUG_INFORMATION_FORMAT = "dwarf-with-dsym";
				ENABLE_NS_ASSERTIONS = NO;
				ENABLE_STRICT_OBJC_MSGSEND = YES;
				GCC_C_LANGUAGE_STANDARD = gnu11;
				GCC_NO_COMMON_BLOCKS = YES;
				GCC_WARN_64_TO_32_BIT_CONVERSION = YES;
				GCC_WARN_ABOUT_RETURN_TYPE = YES_ERROR;
				GCC_WARN_UNDECLARED_SELECTOR = YES;
				GCC_WARN_UNINITIALIZED_AUTOS = YES_AGGRESSIVE;
				GCC_WARN_UNUSED_FUNCTION = YES;
				GCC_WARN_UNUSED_VARIABLE = YES;
				IPHONEOS_DEPLOYMENT_TARGET = 11.2;
				MTL_ENABLE_DEBUG_INFO = NO;
				SDKROOT = iphoneos;
				SWIFT_OPTIMIZATION_LEVEL = "-Owholemodule";
				VALIDATE_PRODUCT = YES;
			};
			name = Release;
		};
		7F0526C0205AB3FF0096FFB6 /* Debug */ = {
			isa = XCBuildConfiguration;
			baseConfigurationReference = 3A15F6C47A478DB393725A29 /* Pods-WeatherApp.debug.xcconfig */;
			buildSettings = {
				ASSETCATALOG_COMPILER_APPICON_NAME = AppIcon;
				CODE_SIGN_STYLE = Automatic;
				INFOPLIST_FILE = WeatherApp/Info.plist;
				LD_RUNPATH_SEARCH_PATHS = "$(inherited) @executable_path/Frameworks";
				PRODUCT_BUNDLE_IDENTIFIER = ML.WeatherApp;
				PRODUCT_NAME = "$(TARGET_NAME)";
				SWIFT_VERSION = 4.0;
				TARGETED_DEVICE_FAMILY = "1,2";
			};
			name = Debug;
		};
		7F0526C1205AB3FF0096FFB6 /* Release */ = {
			isa = XCBuildConfiguration;
			baseConfigurationReference = AF6B98307A2C5B0B954915BF /* Pods-WeatherApp.release.xcconfig */;
			buildSettings = {
				ASSETCATALOG_COMPILER_APPICON_NAME = AppIcon;
				CODE_SIGN_STYLE = Automatic;
				INFOPLIST_FILE = WeatherApp/Info.plist;
				LD_RUNPATH_SEARCH_PATHS = "$(inherited) @executable_path/Frameworks";
				PRODUCT_BUNDLE_IDENTIFIER = ML.WeatherApp;
				PRODUCT_NAME = "$(TARGET_NAME)";
				SWIFT_VERSION = 4.0;
				TARGETED_DEVICE_FAMILY = "1,2";
			};
			name = Release;
		};
/* End XCBuildConfiguration section */

/* Begin XCConfigurationList section */
		7F0526A6205AB3FF0096FFB6 /* Build configuration list for PBXProject "WeatherApp" */ = {
			isa = XCConfigurationList;
			buildConfigurations = (
				7F0526BD205AB3FF0096FFB6 /* Debug */,
				7F0526BE205AB3FF0096FFB6 /* Release */,
			);
			defaultConfigurationIsVisible = 0;
			defaultConfigurationName = Release;
		};
		7F0526BF205AB3FF0096FFB6 /* Build configuration list for PBXNativeTarget "WeatherApp" */ = {
			isa = XCConfigurationList;
			buildConfigurations = (
				7F0526C0205AB3FF0096FFB6 /* Debug */,
				7F0526C1205AB3FF0096FFB6 /* Release */,
			);
			defaultConfigurationIsVisible = 0;
			defaultConfigurationName = Release;
		};
/* End XCConfigurationList section */
	};
	rootObject = 7F0526A3205AB3FF0096FFB6 /* Project object */;
}
